
Microsoft Visual Studio Solution File, Format Version 12.00
# Visual Studio Version 16
VisualStudioVersion = 25.0.1703.5
MinimumVisualStudioVersion = 10.0.40219.1
Project("{FAE04EC0-301F-11D3-BF4B-00C04F79EFBC}") = "Vojna", "Vojna\Vojna.csproj", "{60CF9335-BCE8-4608-A99A-627BDD8BB151}"
EndProject
Global
	GlobalSection(SolutionConfigurationPlatforms) = preSolution
		Debug|Any CPU = Debug|Any CPU
		Release|Any CPU = Release|Any CPU
	EndGlobalSection
	GlobalSection(ProjectConfigurationPlatforms) = postSolution
		{60CF9335-BCE8-4608-A99A-627BDD8BB151}.Debug|Any CPU.ActiveCfg = Debug|Any CPU
		{60CF9335-BCE8-4608-A99A-627BDD8BB151}.Debug|Any CPU.Build.0 = Debug|Any CPU
		{60CF9335-BCE8-4608-A99A-627BDD8BB151}.Release|Any CPU.ActiveCfg = Release|Any CPU
		{60CF9335-BCE8-4608-A99A-627BDD8BB151}.Release|Any CPU.Build.0 = Release|Any CPU
	EndGlobalSection
	GlobalSection(SolutionProperties) = preSolution
		HideSolutionNode = FALSE
	EndGlobalSection
	GlobalSection(ExtensibilityGlobals) = postSolution
		SolutionGuid = {89D84F5C-5DCF-4096-8B04-B36CA5D26015}
	EndGlobalSection
EndGlobal
